
Microsoft Visual Studio Solution File, Format Version 12.00
# Visual Studio Version 17
VisualStudioVersion = 17.9.34723.18
MinimumVisualStudioVersion = 10.0.40219.1
Project("{FAE04EC0-301F-11D3-BF4B-00C04F79EFBC}") = "CarServiceApp", "CarServiceApp\CarServiceApp.csproj", "{33B8B376-5124-45FC-AE7F-413BE83102FC}"
EndProject
Global
	GlobalSection(SolutionConfigurationPlatforms) = preSolution
		Debug|Any CPU = Debug|Any CPU
		Release|Any CPU = Release|Any CPU
	EndGlobalSection
	GlobalSection(ProjectConfigurationPlatforms) = postSolution
		{33B8B376-5124-45FC-AE7F-413BE83102FC}.Debug|Any CPU.ActiveCfg = Debug|Any CPU
		{33B8B376-5124-45FC-AE7F-413BE83102FC}.Debug|Any CPU.Build.0 = Debug|Any CPU
		{33B8B376-5124-45FC-AE7F-413BE83102FC}.Release|Any CPU.ActiveCfg = Release|Any CPU
		{33B8B376-5124-45FC-AE7F-413BE83102FC}.Release|Any CPU.Build.0 = Release|Any CPU
	EndGlobalSection
	GlobalSection(SolutionProperties) = preSolution
		HideSolutionNode = FALSE
	EndGlobalSection
	GlobalSection(ExtensibilityGlobals) = postSolution
		SolutionGuid = {FB4B6CD1-B558-4893-8BB8-A529AA8CF87C}
	EndGlobalSection
EndGlobal
